
Microsoft Visual Studio Solution File, Format Version 12.00
# Visual Studio 15
VisualStudioVersion = 15.0.27130.0
MinimumVisualStudioVersion = 10.0.40219.1
Project("{FAE04EC0-301F-11D3-BF4B-00C04F79EFBC}") = "ConsoleApp1", "ConsoleApp1\ConsoleApp1.csproj", "{4B1454BD-82F4-48C6-9CCF-378278AB2342}"
EndProject
Project("{00D1A9C2-B5F0-4AF3-8072-F6C62B433612}") = "DapperTestDB", "DapperTestDB\DapperTestDB.sqlproj", "{F14ADDF3-25AD-4D22-B3FF-71880AB9A056}"
EndProject
Global
	GlobalSection(SolutionConfigurationPlatforms) = preSolution
		Debug|Any CPU = Debug|Any CPU
		Release|Any CPU = Release|Any CPU
	EndGlobalSection
	GlobalSection(ProjectConfigurationPlatforms) = postSolution
		{4B1454BD-82F4-48C6-9CCF-378278AB2342}.Debug|Any CPU.ActiveCfg = Debug|Any CPU
		{4B1454BD-82F4-48C6-9CCF-378278AB2342}.Debug|Any CPU.Build.0 = Debug|Any CPU
		{4B1454BD-82F4-48C6-9CCF-378278AB2342}.Release|Any CPU.ActiveCfg = Release|Any CPU
		{4B1454BD-82F4-48C6-9CCF-378278AB2342}.Release|Any CPU.Build.0 = Release|Any CPU
		{F14ADDF3-25AD-4D22-B3FF-71880AB9A056}.Debug|Any CPU.ActiveCfg = Debug|Any CPU
		{F14ADDF3-25AD-4D22-B3FF-71880AB9A056}.Debug|Any CPU.Build.0 = Debug|Any CPU
		{F14ADDF3-25AD-4D22-B3FF-71880AB9A056}.Debug|Any CPU.Deploy.0 = Debug|Any CPU
		{F14ADDF3-25AD-4D22-B3FF-71880AB9A056}.Release|Any CPU.ActiveCfg = Release|Any CPU
		{F14ADDF3-25AD-4D22-B3FF-71880AB9A056}.Release|Any CPU.Build.0 = Release|Any CPU
		{F14ADDF3-25AD-4D22-B3FF-71880AB9A056}.Release|Any CPU.Deploy.0 = Release|Any CPU
	EndGlobalSection
	GlobalSection(SolutionProperties) = preSolution
		HideSolutionNode = FALSE
	EndGlobalSection
	GlobalSection(ExtensibilityGlobals) = postSolution
		SolutionGuid = {3F04F4E9-3EDC-4220-AE63-10226543114B}
	EndGlobalSection
EndGlobal
